
Microsoft Visual Studio Solution File, Format Version 12.00
# Visual Studio 15
VisualStudioVersion = 15.0.28307.572
MinimumVisualStudioVersion = 10.0.40219.1
Project("{FAE04EC0-301F-11D3-BF4B-00C04F79EFBC}") = "fourxi1", "fourxi1\fourxi1.csproj", "{7EC9D456-0A92-4E73-BBC8-06BEBD12113D}"
EndProject
Global
	GlobalSection(SolutionConfigurationPlatforms) = preSolution
		Debug|Any CPU = Debug|Any CPU
		Release|Any CPU = Release|Any CPU
	EndGlobalSection
	GlobalSection(ProjectConfigurationPlatforms) = postSolution
		{7EC9D456-0A92-4E73-BBC8-06BEBD12113D}.Debug|Any CPU.ActiveCfg = Debug|Any CPU
		{7EC9D456-0A92-4E73-BBC8-06BEBD12113D}.Debug|Any CPU.Build.0 = Debug|Any CPU
		{7EC9D456-0A92-4E73-BBC8-06BEBD12113D}.Release|Any CPU.ActiveCfg = Release|Any CPU
		{7EC9D456-0A92-4E73-BBC8-06BEBD12113D}.Release|Any CPU.Build.0 = Release|Any CPU
	EndGlobalSection
	GlobalSection(SolutionProperties) = preSolution
		HideSolutionNode = FALSE
	EndGlobalSection
	GlobalSection(ExtensibilityGlobals) = postSolution
		SolutionGuid = {BE5237E0-3E4D-46E5-A8B6-52256A289D37}
	EndGlobalSection
EndGlobal
